
Microsoft Visual Studio Solution File, Format Version 12.00
# Visual Studio 15
VisualStudioVersion = 15.0.26430.15
MinimumVisualStudioVersion = 10.0.40219.1
Project("{FAE04EC0-301F-11D3-BF4B-00C04F79EFBC}") = "UpdateHandlerSample", "UpdateHandler\UpdateHandlerSample.csproj", "{4BDD73A6-19F1-465B-BF55-82854D9B1A69}"
EndProject
Project("{FAE04EC0-301F-11D3-BF4B-00C04F79EFBC}") = "UpdateHandlerLibrary", "UpdateHandlerLibrary\UpdateHandlerLibrary.csproj", "{38F72229-28A7-4698-B356-9EBCB79B8157}"
EndProject
Global
	GlobalSection(SolutionConfigurationPlatforms) = preSolution
		Debug|Any CPU = Debug|Any CPU
		Release|Any CPU = Release|Any CPU
	EndGlobalSection
	GlobalSection(ProjectConfigurationPlatforms) = postSolution
		{4BDD73A6-19F1-465B-BF55-82854D9B1A69}.Debug|Any CPU.ActiveCfg = Debug|Any CPU
		{4BDD73A6-19F1-465B-BF55-82854D9B1A69}.Debug|Any CPU.Build.0 = Debug|Any CPU
		{4BDD73A6-19F1-465B-BF55-82854D9B1A69}.Debug|Any CPU.Deploy.0 = Debug|Any CPU
		{4BDD73A6-19F1-465B-BF55-82854D9B1A69}.Release|Any CPU.ActiveCfg = Release|Any CPU
		{4BDD73A6-19F1-465B-BF55-82854D9B1A69}.Release|Any CPU.Build.0 = Release|Any CPU
		{4BDD73A6-19F1-465B-BF55-82854D9B1A69}.Release|Any CPU.Deploy.0 = Release|Any CPU
		{38F72229-28A7-4698-B356-9EBCB79B8157}.Debug|Any CPU.ActiveCfg = Debug|Any CPU
		{38F72229-28A7-4698-B356-9EBCB79B8157}.Debug|Any CPU.Build.0 = Debug|Any CPU
		{38F72229-28A7-4698-B356-9EBCB79B8157}.Release|Any CPU.ActiveCfg = Release|Any CPU
		{38F72229-28A7-4698-B356-9EBCB79B8157}.Release|Any CPU.Build.0 = Release|Any CPU
	EndGlobalSection
	GlobalSection(SolutionProperties) = preSolution
		HideSolutionNode = FALSE
	EndGlobalSection
EndGlobal
